
Microsoft Visual Studio Solution File, Format Version 12.00
# Visual Studio Version 17
VisualStudioVersion = 17.2.32526.322
MinimumVisualStudioVersion = 10.0.40219.1
Project("{9A19103F-16F7-4668-BE54-9A1E7A4F7556}") = "Compi.SpecificationPattern.Logic", "src\Compi.SpecificationPattern.Logic\Compi.SpecificationPattern.Logic.csproj", "{D7C4D1EC-595D-4D3C-930C-FC26A996741A}"
EndProject
Project("{2150E333-8FDC-42A3-9474-1A3956D46DE8}") = "src", "src", "{6CBE2327-ED3D-498F-BAC2-1A19A2FFB7DB}"
EndProject
Project("{FAE04EC0-301F-11D3-BF4B-00C04F79EFBC}") = "Compi.SpecificationPattern.Api", "src\Compi.SpecificationPattern.Api\Compi.SpecificationPattern.Api.csproj", "{94300867-F007-4A14-8D73-DEECE36E816C}"
EndProject
Global
	GlobalSection(SolutionConfigurationPlatforms) = preSolution
		Debug|Any CPU = Debug|Any CPU
		Release|Any CPU = Release|Any CPU
	EndGlobalSection
	GlobalSection(ProjectConfigurationPlatforms) = postSolution
		{D7C4D1EC-595D-4D3C-930C-FC26A996741A}.Debug|Any CPU.ActiveCfg = Debug|Any CPU
		{D7C4D1EC-595D-4D3C-930C-FC26A996741A}.Debug|Any CPU.Build.0 = Debug|Any CPU
		{D7C4D1EC-595D-4D3C-930C-FC26A996741A}.Release|Any CPU.ActiveCfg = Release|Any CPU
		{D7C4D1EC-595D-4D3C-930C-FC26A996741A}.Release|Any CPU.Build.0 = Release|Any CPU
		{94300867-F007-4A14-8D73-DEECE36E816C}.Debug|Any CPU.ActiveCfg = Debug|Any CPU
		{94300867-F007-4A14-8D73-DEECE36E816C}.Debug|Any CPU.Build.0 = Debug|Any CPU
		{94300867-F007-4A14-8D73-DEECE36E816C}.Release|Any CPU.ActiveCfg = Release|Any CPU
		{94300867-F007-4A14-8D73-DEECE36E816C}.Release|Any CPU.Build.0 = Release|Any CPU
	EndGlobalSection
	GlobalSection(SolutionProperties) = preSolution
		HideSolutionNode = FALSE
	EndGlobalSection
	GlobalSection(NestedProjects) = preSolution
		{D7C4D1EC-595D-4D3C-930C-FC26A996741A} = {6CBE2327-ED3D-498F-BAC2-1A19A2FFB7DB}
		{94300867-F007-4A14-8D73-DEECE36E816C} = {6CBE2327-ED3D-498F-BAC2-1A19A2FFB7DB}
	EndGlobalSection
	GlobalSection(ExtensibilityGlobals) = postSolution
		SolutionGuid = {B625DF9F-16AC-43A5-847C-123A7ECF3DAE}
	EndGlobalSection
EndGlobal
